{
  "name": "doc-markdown",
  "version": "1.0.0",
  "lockfileVersion": 1,
  "requires": true,
  "dependencies": {
    "commander": {
      "version": "9.5.0",
      "resolved": "https://registry.npmjs.org/commander/-/commander-9.5.0.tgz",
      "integrity": "sha512-KRs7WVDKg86PWiuAqhDrAQnTXZKraVcCc6vFdL14qrZ/DcWwuRo7VoiYXalXO7S5GKpqYiVEwCbgFDfxNHKJBQ=="
    },
    "he": {
      "version": "1.2.0",
      "resolved": "https://registry.npmjs.org/he/-/he-1.2.0.tgz",
      "integrity": "sha512-F/1DnUGPopORZi0ni+CvrCgHQ5FyEAHRLSApuYWMmrbSwoN2Mn/7k+Gl38gJnR7yyDZk6WLXwiGod1JOWNDKGw=="
    },
    "highlight.js": {
      "version": "11.11.1",
      "resolved": "https://registry.npmjs.org/highlight.js/-/highlight.js-11.11.1.tgz",
      "integrity": "sha512-Xwwo44whKBVCYoliBQwaPvtd/2tYFkRQtXDWj1nackaV2JPXx3L0+Jvd8/qCJ2p+ML0/XVkJ2q+Mr+UVdpJK5w=="
    },
    "html-encoder-decoder": {
      "version": "1.3.11",
      "resolved": "https://registry.npmjs.org/html-encoder-decoder/-/html-encoder-decoder-1.3.11.tgz",
      "integrity": "sha512-bDRaOgwtv7trc7YsBoMOPqaFSmI11iPilcPXE1i/blBHe42z8dXQ7yw2Sh9KdmE3CF4fQcIXih69zuFmZi8HoA==",
      "requires": {
        "he": "^1.1.0",
        "iterate-object": "^1.3.2",
        "regex-escape": "^3.4.2"
      }
    },
    "iconv-lite": {
      "version": "0.6.3",
      "resolved": "https://registry.npmjs.org/iconv-lite/-/iconv-lite-0.6.3.tgz",
      "integrity": "sha512-4fCk79wshMdzMp2rH06qWrJE4iolqLhCUH+OiuIgU++RB0+94NlDL81atO7GX55uUKueo0txHNtvEyI6D7WdMw==",
      "requires": {
        "safer-buffer": ">= 2.1.2 < 3.0.0"
      }
    },
    "iterate-object": {
      "version": "1.3.5",
      "resolved": "https://registry.npmjs.org/iterate-object/-/iterate-object-1.3.5.tgz",
      "integrity": "sha512-eL23u8oFooYTq6TtJKjp2RYjZnCkUYQvC0T/6fJfWykXJ3quvdDdzKZ3CEjy8b3JGOvLTjDYMEMIp5243R906A=="
    },
    "mustache": {
      "version": "4.2.0",
      "resolved": "https://registry.npmjs.org/mustache/-/mustache-4.2.0.tgz",
      "integrity": "sha512-71ippSywq5Yb7/tVYyGbkBggbU8H3u5Rz56fH60jGFgr8uHwxs+aSKeqmluIVzM0m0kB7xQjKS6qPfd0b2ZoqQ=="
    },
    "regex-escape": {
      "version": "3.4.11",
      "resolved": "https://registry.npmjs.org/regex-escape/-/regex-escape-3.4.11.tgz",
      "integrity": "sha512-051l4Hl/0HoJwTvNztrWVjoxLiseSfCrDgWqwR1cnGM/nyQSeIjmvti5zZ7HzOmsXDPaJ2k0iFxQ6/WNpJD5wQ=="
    },
    "safer-buffer": {
      "version": "2.1.2",
      "resolved": "https://registry.npmjs.org/safer-buffer/-/safer-buffer-2.1.2.tgz",
      "integrity": "sha512-YZo3K82SD7Riyi0E1EQPojLz7kpepnSQI9IyPbHHg1XXXevb5dJI7tpyN2ADxGcQbHG7vcyRHk0cbwqcQriUtg=="
    },
    "showdown": {
      "version": "2.1.0",
      "resolved": "https://registry.npmjs.org/showdown/-/showdown-2.1.0.tgz",
      "integrity": "sha512-/6NVYu4U819R2pUIk79n67SYgJHWCce0a5xTP979WbNp0FL9MN1I1QK662IDU1b6JzKTvmhgI7T7JYIxBi3kMQ==",
      "requires": {
        "commander": "^9.0.0"
      }
    },
    "showdown-highlight": {
      "version": "3.1.0",
      "resolved": "https://registry.npmjs.org/showdown-highlight/-/showdown-highlight-3.1.0.tgz",
      "integrity": "sha512-wrTxtE63L/bpW5A2Uy/AO1gblXnNHK/cDL6LszECOoCdMJKWTj0/4n4I/pmqub+3H3KCPVDDvtXpCArnT/heFA==",
      "requires": {
        "highlight.js": "^11.5.0",
        "html-encoder-decoder": "^1.3.9",
        "showdown": "^2.0.3"
      }
    }
  }
}
